# THIS IS AN AUTOGENERATED FILE. DO NOT EDIT THIS FILE DIRECTLY.
# yarn lockfile v1


vuetify@^2.2.19:
  version "2.2.19"
  resolved "https://registry.yarnpkg.com/vuetify/-/vuetify-2.2.19.tgz#826f6899267a0f867aff56aff0cf000d07a421e7"
  integrity sha512-6o+wdB77FBTkZsFlF8g3W5paG6CsFWtxv6gjkovOQ1P0nggTX8AbIGYIX7xHiOqG+PvBsoIfOEt2E/x6U/d45g==
